
Microsoft Visual Studio Solution File, Format Version 12.00
# Visual Studio Version 16
VisualStudioVersion = 16.0.33801.447
MinimumVisualStudioVersion = 10.0.40219.1
Project("{FAE04EC0-301F-11D3-BF4B-00C04F79EFBC}") = "lol_helper_cSharp", "lol_helper_cSharp\lol_helper_cSharp.csproj", "{ABC6BDF4-7767-4787-94B3-0D00679C882C}"
EndProject
Global
	GlobalSection(SolutionConfigurationPlatforms) = preSolution
		Debug|Any CPU = Debug|Any CPU
		Release|Any CPU = Release|Any CPU
	EndGlobalSection
	GlobalSection(ProjectConfigurationPlatforms) = postSolution
		{ABC6BDF4-7767-4787-94B3-0D00679C882C}.Debug|Any CPU.ActiveCfg = Debug|Any CPU
		{ABC6BDF4-7767-4787-94B3-0D00679C882C}.Debug|Any CPU.Build.0 = Debug|Any CPU
		{ABC6BDF4-7767-4787-94B3-0D00679C882C}.Release|Any CPU.ActiveCfg = Release|Any CPU
		{ABC6BDF4-7767-4787-94B3-0D00679C882C}.Release|Any CPU.Build.0 = Release|Any CPU
	EndGlobalSection
	GlobalSection(SolutionProperties) = preSolution
		HideSolutionNode = FALSE
	EndGlobalSection
	GlobalSection(ExtensibilityGlobals) = postSolution
		SolutionGuid = {8E9C3781-7924-45BB-A7A9-F889E35AEF96}
	EndGlobalSection
EndGlobal
